// !$*UTF8*$!
{
	archiveVersion = 1;
	classes = {
	};
	objectVersion = 77;
	objects = {

/* Begin PBXBuildFile section */
		337CCD6A2E1BA198002E6E8A /* SwiftSoup in Frameworks */ = {isa = PBXBuildFile; productRef = 337CCD692E1BA198002E6E8A /* SwiftSoup */; };
/* End PBXBuildFile section */

/* Begin PBXContainerItemProxy section */
		331107282E15000B000B757E /* PBXContainerItemProxy */ = {
			isa = PBXContainerItemProxy;
			containerPortal = 3311070D2E150009000B757E /* Project object */;
			proxyType = 1;
			remoteGlobalIDString = 331107142E150009000B757E;
			remoteInfo = SmartLibrary;
		};
		331107322E15000B000B757E /* PBXContainerItemProxy */ = {
			isa = PBXContainerItemProxy;
			containerPortal = 3311070D2E150009000B757E /* Project object */;
			proxyType = 1;
			remoteGlobalIDString = 331107142E150009000B757E;
			remoteInfo = SmartLibrary;
		};
/* End PBXContainerItemProxy section */

/* Begin PBXFileReference section */
		331107152E150009000B757E /* SmartLibrary.app */ = {isa = PBXFileReference; explicitFileType = wrapper.application; includeInIndex = 0; path = SmartLibrary.app; sourceTree = BUILT_PRODUCTS_DIR; };
		331107272E15000B000B757E /* SmartLibraryTests.xctest */ = {isa = PBXFileReference; explicitFileType = wrapper.cfbundle; includeInIndex = 0; path = SmartLibraryTests.xctest; sourceTree = BUILT_PRODUCTS_DIR; };
		331107312E15000B000B757E /* SmartLibraryUITests.xctest */ = {isa = PBXFileReference; explicitFileType = wrapper.cfbundle; includeInIndex = 0; path = SmartLibraryUITests.xctest; sourceTree = BUILT_PRODUCTS_DIR; };
/* End PBXFileReference section */

/* Begin PBXFileSystemSynchronizedBuildFileExceptionSet section */
		331107922E151585000B757E /* Exceptions for "SmartLibrary" folder in "SmartLibraryTests" target */ = {
			isa = PBXFileSystemSynchronizedBuildFileExceptionSet;
			membershipExceptions = (
				Tests/BookTrackerTests.swift,
				Tests/RecipeBookTests.swift,
			);
			target = 331107262E15000B000B757E /* SmartLibraryTests */;
		};
		331107962E15168A000B757E /* Exceptions for "SmartLibrary" folder in "SmartLibrary" target */ = {
			isa = PBXFileSystemSynchronizedBuildFileExceptionSet;
			membershipExceptions = (
				Info.plist,
				Tests/BookTrackerTests.swift,
				Tests/RecipeBookTests.swift,
			);
			target = 331107142E150009000B757E /* SmartLibrary */;
		};
		3311079A2E151ED1000B757E /* Exceptions for "SmartLibraryTests" folder in "SmartLibraryTests" target */ = {
			isa = PBXFileSystemSynchronizedBuildFileExceptionSet;
			membershipExceptions = (
				SmartLibraryTests.swift,
			);
			target = 331107262E15000B000B757E /* SmartLibraryTests */;
		};
/* End PBXFileSystemSynchronizedBuildFileExceptionSet section */

/* Begin PBXFileSystemSynchronizedRootGroup section */
		331107172E150009000B757E /* SmartLibrary */ = {
			isa = PBXFileSystemSynchronizedRootGroup;
			exceptions = (
				331107962E15168A000B757E /* Exceptions for "SmartLibrary" folder in "SmartLibrary" target */,
				331107922E151585000B757E /* Exceptions for "SmartLibrary" folder in "SmartLibraryTests" target */,
			);
			path = SmartLibrary;
			sourceTree = "<group>";
		};
		3311072A2E15000B000B757E /* SmartLibraryTests */ = {
			isa = PBXFileSystemSynchronizedRootGroup;
			exceptions = (
				3311079A2E151ED1000B757E /* Exceptions for "SmartLibraryTests" folder in "SmartLibraryTests" target */,
			);
			path = SmartLibraryTests;
			sourceTree = "<group>";
		};
		331107342E15000B000B757E /* SmartLibraryUITests */ = {
			isa = PBXFileSystemSynchronizedRootGroup;
			path = SmartLibraryUITests;
			sourceTree = "<group>";
		};
/* End PBXFileSystemSynchronizedRootGroup section */

/* Begin PBXFrameworksBuildPhase section */
		331107122E150009000B757E /* Frameworks */ = {
			isa = PBXFrameworksBuildPhase;
			buildActionMask = 2147483647;
			files = (
				337CCD6A2E1BA198002E6E8A /* SwiftSoup in Frameworks */,
			);
			runOnlyForDeploymentPostprocessing = 0;
		};
		331107242E15000B000B757E /* Frameworks */ = {
			isa = PBXFrameworksBuildPhase;
			buildActionMask = 2147483647;
			files = (
			);
			runOnlyForDeploymentPostprocessing = 0;
		};
		3311072E2E15000B000B757E /* Frameworks */ = {
			isa = PBXFrameworksBuildPhase;
			buildActionMask = 2147483647;
			files = (
			);
			runOnlyForDeploymentPostprocessing = 0;
		};
/* End PBXFrameworksBuildPhase section */

/* Begin PBXGroup section */
		3311070C2E150009000B757E = {
			isa = PBXGroup;
			children = (
				331107172E150009000B757E /* SmartLibrary */,
				3311072A2E15000B000B757E /* SmartLibraryTests */,
				331107342E15000B000B757E /* SmartLibraryUITests */,
				331107162E150009000B757E /* Products */,
			);
			sourceTree = "<group>";
		};
		331107162E150009000B757E /* Products */ = {
			isa = PBXGroup;
			children = (
				331107152E150009000B757E /* SmartLibrary.app */,
				331107272E15000B000B757E /* SmartLibraryTests.xctest */,
				331107312E15000B000B757E /* SmartLibraryUITests.xctest */,
			);
			name = Products;
			sourceTree = "<group>";
		};
/* End PBXGroup section */

/* Begin PBXNativeTarget section */
		331107142E150009000B757E /* SmartLibrary */ = {
			isa = PBXNativeTarget;
			buildConfigurationList = 3311073B2E15000B000B757E /* Build configuration list for PBXNativeTarget "SmartLibrary" */;
			buildPhases = (
				331107112E150009000B757E /* Sources */,
				331107122E150009000B757E /* Frameworks */,
				331107132E150009000B757E /* Resources */,
			);
			buildRules = (
			);
			dependencies = (
			);
			fileSystemSynchronizedGroups = (
				331107172E150009000B757E /* SmartLibrary */,
			);
			name = SmartLibrary;
			packageProductDependencies = (
				337CCD692E1BA198002E6E8A /* SwiftSoup */,
			);
			productName = SmartLibrary;
			productReference = 331107152E150009000B757E /* SmartLibrary.app */;
			productType = "com.apple.product-type.application";
		};
		331107262E15000B000B757E /* SmartLibraryTests */ = {
			isa = PBXNativeTarget;
			buildConfigurationList = 3311073E2E15000B000B757E /* Build configuration list for PBXNativeTarget "SmartLibraryTests" */;
			buildPhases = (
				331107232E15000B000B757E /* Sources */,
				331107242E15000B000B757E /* Frameworks */,
				331107252E15000B000B757E /* Resources */,
			);
			buildRules = (
			);
			dependencies = (
				331107292E15000B000B757E /* PBXTargetDependency */,
			);
			fileSystemSynchronizedGroups = (
				3311072A2E15000B000B757E /* SmartLibraryTests */,
			);
			name = SmartLibraryTests;
			packageProductDependencies = (
			);
			productName = SmartLibraryTests;
			productReference = 331107272E15000B000B757E /* SmartLibraryTests.xctest */;
			productType = "com.apple.product-type.bundle.unit-test";
		};
		331107302E15000B000B757E /* SmartLibraryUITests */ = {
			isa = PBXNativeTarget;
			buildConfigurationList = 331107412E15000B000B757E /* Build configuration list for PBXNativeTarget "SmartLibraryUITests" */;
			buildPhases = (
				3311072D2E15000B000B757E /* Sources */,
				3311072E2E15000B000B757E /* Frameworks */,
				3311072F2E15000B000B757E /* Resources */,
			);
			buildRules = (
			);
			dependencies = (
				331107332E15000B000B757E /* PBXTargetDependency */,
			);
			fileSystemSynchronizedGroups = (
				331107342E15000B000B757E /* SmartLibraryUITests */,
			);
			name = SmartLibraryUITests;
			packageProductDependencies = (
			);
			productName = SmartLibraryUITests;
			productReference = 331107312E15000B000B757E /* SmartLibraryUITests.xctest */;
			productType = "com.apple.product-type.bundle.ui-testing";
		};
/* End PBXNativeTarget section */

/* Begin PBXProject section */
		3311070D2E150009000B757E /* Project object */ = {
			isa = PBXProject;
			attributes = {
				BuildIndependentTargetsInParallel = 1;
				LastSwiftUpdateCheck = 1640;
				LastUpgradeCheck = 1640;
				TargetAttributes = {
					331107142E150009000B757E = {
						CreatedOnToolsVersion = 16.4;
					};
					331107262E15000B000B757E = {
						CreatedOnToolsVersion = 16.4;
						TestTargetID = 331107142E150009000B757E;
					};
					331107302E15000B000B757E = {
						CreatedOnToolsVersion = 16.4;
						TestTargetID = 331107142E150009000B757E;
					};
				};
			};
			buildConfigurationList = 331107102E150009000B757E /* Build configuration list for PBXProject "SmartLibrary" */;
			developmentRegion = en;
			hasScannedForEncodings = 0;
			knownRegions = (
				en,
				Base,
			);
			mainGroup = 3311070C2E150009000B757E;
			minimizedProjectReferenceProxies = 1;
			packageReferences = (
				337CCD682E1BA198002E6E8A /* XCRemoteSwiftPackageReference "SwiftSoup" */,
			);
			preferredProjectObjectVersion = 77;
			productRefGroup = 331107162E150009000B757E /* Products */;
			projectDirPath = "";
			projectRoot = "";
			targets = (
				331107142E150009000B757E /* SmartLibrary */,
				331107262E15000B000B757E /* SmartLibraryTests */,
				331107302E15000B000B757E /* SmartLibraryUITests */,
			);
		};
/* End PBXProject section */

/* Begin PBXResourcesBuildPhase section */
		331107132E150009000B757E /* Resources */ = {
			isa = PBXResourcesBuildPhase;
			buildActionMask = 2147483647;
			files = (
			);
			runOnlyForDeploymentPostprocessing = 0;
		};
		331107252E15000B000B757E /* Resources */ = {
			isa = PBXResourcesBuildPhase;
			buildActionMask = 2147483647;
			files = (
			);
			runOnlyForDeploymentPostprocessing = 0;
		};
		3311072F2E15000B000B757E /* Resources */ = {
			isa = PBXResourcesBuildPhase;
			buildActionMask = 2147483647;
			files = (
			);
			runOnlyForDeploymentPostprocessing = 0;
		};
/* End PBXResourcesBuildPhase section */

/* Begin PBXSourcesBuildPhase section */
		331107112E150009000B757E /* Sources */ = {
			isa = PBXSourcesBuildPhase;
			buildActionMask = 2147483647;
			files = (
			);
			runOnlyForDeploymentPostprocessing = 0;
		};
		331107232E15000B000B757E /* Sources */ = {
			isa = PBXSourcesBuildPhase;
			buildActionMask = 2147483647;
			files = (
			);
			runOnlyForDeploymentPostprocessing = 0;
		};
		3311072D2E15000B000B757E /* Sources */ = {
			isa = PBXSourcesBuildPhase;
			buildActionMask = 2147483647;
			files = (
			);
			runOnlyForDeploymentPostprocessing = 0;
		};
/* End PBXSourcesBuildPhase section */

/* Begin PBXTargetDependency section */
		331107292E15000B000B757E /* PBXTargetDependency */ = {
			isa = PBXTargetDependency;
			target = 331107142E150009000B757E /* SmartLibrary */;
			targetProxy = 331107282E15000B000B757E /* PBXContainerItemProxy */;
		};
		331107332E15000B000B757E /* PBXTargetDependency */ = {
			isa = PBXTargetDependency;
			target = 331107142E150009000B757E /* SmartLibrary */;
			targetProxy = 331107322E15000B000B757E /* PBXContainerItemProxy */;
		};
/* End PBXTargetDependency section */

/* Begin XCBuildConfiguration section */
		331107392E15000B000B757E /* Debug */ = {
			isa = XCBuildConfiguration;
			buildSettings = {
				ALWAYS_SEARCH_USER_PATHS = NO;
				ASSETCATALOG_COMPILER_GENERATE_SWIFT_ASSET_SYMBOL_EXTENSIONS = YES;
				CLANG_ANALYZER_NONNULL = YES;
				CLANG_ANALYZER_NUMBER_OBJECT_CONVERSION = YES_AGGRESSIVE;
				CLANG_CXX_LANGUAGE_STANDARD = "gnu++20";
				CLANG_ENABLE_MODULES = YES;
				CLANG_ENABLE_OBJC_ARC = YES;
				CLANG_ENABLE_OBJC_WEAK = YES;
				CLANG_WARN_BLOCK_CAPTURE_AUTORELEASING = YES;
				CLANG_WARN_BOOL_CONVERSION = YES;
				CLANG_WARN_COMMA = YES;
				CLANG_WARN_CONSTANT_CONVERSION = YES;
				CLANG_WARN_DEPRECATED_OBJC_IMPLEMENTATIONS = YES;
				CLANG_WARN_DIRECT_OBJC_ISA_USAGE = YES_ERROR;
				CLANG_WARN_DOCUMENTATION_COMMENTS = YES;
				CLANG_WARN_EMPTY_BODY = YES;
				CLANG_WARN_ENUM_CONVERSION = YES;
				CLANG_WARN_INFINITE_RECURSION = YES;
				CLANG_WARN_INT_CONVERSION = YES;
				CLANG_WARN_NON_LITERAL_NULL_CONVERSION = YES;
				CLANG_WARN_OBJC_IMPLICIT_RETAIN_SELF = YES;
				CLANG_WARN_OBJC_LITERAL_CONVERSION = YES;
				CLANG_WARN_OBJC_ROOT_CLASS = YES_ERROR;
				CLANG_WARN_QUOTED_INCLUDE_IN_FRAMEWORK_HEADER = YES;
				CLANG_WARN_RANGE_LOOP_ANALYSIS = YES;
				CLANG_WARN_STRICT_PROTOTYPES = YES;
				CLANG_WARN_SUSPICIOUS_MOVE = YES;
				CLANG_WARN_UNGUARDED_AVAILABILITY = YES_AGGRESSIVE;
				CLANG_WARN_UNREACHABLE_CODE = YES;
				CLANG_WARN__DUPLICATE_METHOD_MATCH = YES;
				COPY_PHASE_STRIP = NO;
				DEBUG_INFORMATION_FORMAT = dwarf;
				DEVELOPMENT_TEAM = XXX797FCW8;
				ENABLE_STRICT_OBJC_MSGSEND = YES;
				ENABLE_TESTABILITY = YES;
				ENABLE_USER_SCRIPT_SANDBOXING = YES;
				GCC_C_LANGUAGE_STANDARD = gnu17;
				GCC_DYNAMIC_NO_PIC = NO;
				GCC_NO_COMMON_BLOCKS = YES;
				GCC_OPTIMIZATION_LEVEL = 0;
				GCC_PREPROCESSOR_DEFINITIONS = (
					"DEBUG=1",
					"$(inherited)",
				);
				GCC_WARN_64_TO_32_BIT_CONVERSION = YES;
				GCC_WARN_ABOUT_RETURN_TYPE = YES_ERROR;
				GCC_WARN_UNDECLARED_SELECTOR = YES;
				GCC_WARN_UNINITIALIZED_AUTOS = YES_AGGRESSIVE;
				GCC_WARN_UNUSED_FUNCTION = YES;
				GCC_WARN_UNUSED_VARIABLE = YES;
				IPHONEOS_DEPLOYMENT_TARGET = 18.5;
				LOCALIZATION_PREFERS_STRING_CATALOGS = YES;
				MTL_ENABLE_DEBUG_INFO = INCLUDE_SOURCE;
				MTL_FAST_MATH = YES;
				ONLY_ACTIVE_ARCH = YES;
				SDKROOT = iphoneos;
				SWIFT_ACTIVE_COMPILATION_CONDITIONS = "DEBUG $(inherited)";
				SWIFT_OPTIMIZATION_LEVEL = "-Onone";
			};
			name = Debug;
		};
		3311073A2E15000B000B757E /* Release */ = {
			isa = XCBuildConfiguration;
			buildSettings = {
				ALWAYS_SEARCH_USER_PATHS = NO;
				ASSETCATALOG_COMPILER_GENERATE_SWIFT_ASSET_SYMBOL_EXTENSIONS = YES;
				CLANG_ANALYZER_NONNULL = YES;
				CLANG_ANALYZER_NUMBER_OBJECT_CONVERSION = YES_AGGRESSIVE;
				CLANG_CXX_LANGUAGE_STANDARD = "gnu++20";
				CLANG_ENABLE_MODULES = YES;
				CLANG_ENABLE_OBJC_ARC = YES;
				CLANG_ENABLE_OBJC_WEAK = YES;
				CLANG_WARN_BLOCK_CAPTURE_AUTORELEASING = YES;
				CLANG_WARN_BOOL_CONVERSION = YES;
				CLANG_WARN_COMMA = YES;
				CLANG_WARN_CONSTANT_CONVERSION = YES;
				CLANG_WARN_DEPRECATED_OBJC_IMPLEMENTATIONS = YES;
				CLANG_WARN_DIRECT_OBJC_ISA_USAGE = YES_ERROR;
				CLANG_WARN_DOCUMENTATION_COMMENTS = YES;
				CLANG_WARN_EMPTY_BODY = YES;
				CLANG_WARN_ENUM_CONVERSION = YES;
				CLANG_WARN_INFINITE_RECURSION = YES;
				CLANG_WARN_INT_CONVERSION = YES;
				CLANG_WARN_NON_LITERAL_NULL_CONVERSION = YES;
				CLANG_WARN_OBJC_IMPLICIT_RETAIN_SELF = YES;
				CLANG_WARN_OBJC_LITERAL_CONVERSION = YES;
				CLANG_WARN_OBJC_ROOT_CLASS = YES_ERROR;
				CLANG_WARN_QUOTED_INCLUDE_IN_FRAMEWORK_HEADER = YES;
				CLANG_WARN_RANGE_LOOP_ANALYSIS = YES;
				CLANG_WARN_STRICT_PROTOTYPES = YES;
				CLANG_WARN_SUSPICIOUS_MOVE = YES;
				CLANG_WARN_UNGUARDED_AVAILABILITY = YES_AGGRESSIVE;
				CLANG_WARN_UNREACHABLE_CODE = YES;
				CLANG_WARN__DUPLICATE_METHOD_MATCH = YES;
				COPY_PHASE_STRIP = NO;
				DEBUG_INFORMATION_FORMAT = "dwarf-with-dsym";
				DEVELOPMENT_TEAM = XXX797FCW8;
				ENABLE_NS_ASSERTIONS = NO;
				ENABLE_STRICT_OBJC_MSGSEND = YES;
				ENABLE_USER_SCRIPT_SANDBOXING = YES;
				GCC_C_LANGUAGE_STANDARD = gnu17;
				GCC_NO_COMMON_BLOCKS = YES;
				GCC_WARN_64_TO_32_BIT_CONVERSION = YES;
				GCC_WARN_ABOUT_RETURN_TYPE = YES_ERROR;
				GCC_WARN_UNDECLARED_SELECTOR = YES;
				GCC_WARN_UNINITIALIZED_AUTOS = YES_AGGRESSIVE;
				GCC_WARN_UNUSED_FUNCTION = YES;
				GCC_WARN_UNUSED_VARIABLE = YES;
				IPHONEOS_DEPLOYMENT_TARGET = 18.5;
				LOCALIZATION_PREFERS_STRING_CATALOGS = YES;
				MTL_ENABLE_DEBUG_INFO = NO;
				MTL_FAST_MATH = YES;
				SDKROOT = iphoneos;
				SWIFT_COMPILATION_MODE = wholemodule;
				VALIDATE_PRODUCT = YES;
			};
			name = Release;
		};
		3311073C2E15000B000B757E /* Debug */ = {
			isa = XCBuildConfiguration;
			buildSettings = {
				ASSETCATALOG_COMPILER_APPICON_NAME = AppIcon;
				ASSETCATALOG_COMPILER_GLOBAL_ACCENT_COLOR_NAME = AccentColor;
				CODE_SIGN_STYLE = Automatic;
				CURRENT_PROJECT_VERSION = 1;
				DEVELOPMENT_TEAM = XXX797FCW8;
				ENABLE_PREVIEWS = YES;
				GENERATE_INFOPLIST_FILE = YES;
				INFOPLIST_KEY_UIApplicationSceneManifest_Generation = YES;
				INFOPLIST_KEY_UIApplicationSupportsIndirectInputEvents = YES;
				INFOPLIST_KEY_UILaunchScreen_Generation = YES;
				INFOPLIST_KEY_UISupportedInterfaceOrientations = "UIInterfaceOrientationLandscapeLeft UIInterfaceOrientationLandscapeRight UIInterfaceOrientationPortrait";
				INFOPLIST_KEY_UISupportedInterfaceOrientations_iPad = UIInterfaceOrientationPortrait;
				LD_RUNPATH_SEARCH_PATHS = (
					"$(inherited)",
					"@executable_path/Frameworks",
				);
				MARKETING_VERSION = 1.0;
				PRODUCT_BUNDLE_IDENTIFIER = "com.ambi-learnings.SmartLibrary";
				PRODUCT_NAME = "$(TARGET_NAME)";
				SWIFT_EMIT_LOC_STRINGS = YES;
				SWIFT_VERSION = 5.0;
				TARGETED_DEVICE_FAMILY = "1,2";
			};
			name = Debug;
		};
		3311073D2E15000B000B757E /* Release */ = {
			isa = XCBuildConfiguration;
			buildSettings = {
				ASSETCATALOG_COMPILER_APPICON_NAME = AppIcon;
				ASSETCATALOG_COMPILER_GLOBAL_ACCENT_COLOR_NAME = AccentColor;
				CODE_SIGN_STYLE = Automatic;
				CURRENT_PROJECT_VERSION = 1;
				DEVELOPMENT_TEAM = XXX797FCW8;
				ENABLE_PREVIEWS = YES;
				GENERATE_INFOPLIST_FILE = YES;
				INFOPLIST_KEY_UIApplicationSceneManifest_Generation = YES;
				INFOPLIST_KEY_UIApplicationSupportsIndirectInputEvents = YES;
				INFOPLIST_KEY_UILaunchScreen_Generation = YES;
				INFOPLIST_KEY_UISupportedInterfaceOrientations = "UIInterfaceOrientationLandscapeLeft UIInterfaceOrientationLandscapeRight UIInterfaceOrientationPortrait";
				INFOPLIST_KEY_UISupportedInterfaceOrientations_iPad = UIInterfaceOrientationPortrait;
				LD_RUNPATH_SEARCH_PATHS = (
					"$(inherited)",
					"@executable_path/Frameworks",
				);
				MARKETING_VERSION = 1.0;
				PRODUCT_BUNDLE_IDENTIFIER = "com.ambi-learnings.SmartLibrary";
				PRODUCT_NAME = "$(TARGET_NAME)";
				SWIFT_EMIT_LOC_STRINGS = YES;
				SWIFT_VERSION = 5.0;
				TARGETED_DEVICE_FAMILY = "1,2";
			};
			name = Release;
		};
		3311073F2E15000B000B757E /* Debug */ = {
			isa = XCBuildConfiguration;
			buildSettings = {
				BUNDLE_LOADER = "$(TEST_HOST)";
				CODE_SIGN_STYLE = Automatic;
				CURRENT_PROJECT_VERSION = 1;
				DEVELOPMENT_TEAM = XXX797FCW8;
				GENERATE_INFOPLIST_FILE = YES;
				IPHONEOS_DEPLOYMENT_TARGET = 18.5;
				MARKETING_VERSION = 1.0;
				PRODUCT_BUNDLE_IDENTIFIER = "com.ambi-learnings.SmartLibraryTests";
				PRODUCT_NAME = "$(TARGET_NAME)";
				SWIFT_EMIT_LOC_STRINGS = NO;
				SWIFT_VERSION = 5.0;
				TARGETED_DEVICE_FAMILY = "1,2";
				TEST_HOST = "$(BUILT_PRODUCTS_DIR)/SmartLibrary.app/$(BUNDLE_EXECUTABLE_FOLDER_PATH)/SmartLibrary";
			};
			name = Debug;
		};
		331107402E15000B000B757E /* Release */ = {
			isa = XCBuildConfiguration;
			buildSettings = {
				BUNDLE_LOADER = "$(TEST_HOST)";
				CODE_SIGN_STYLE = Automatic;
				CURRENT_PROJECT_VERSION = 1;
				DEVELOPMENT_TEAM = XXX797FCW8;
				GENERATE_INFOPLIST_FILE = YES;
				IPHONEOS_DEPLOYMENT_TARGET = 18.5;
				MARKETING_VERSION = 1.0;
				PRODUCT_BUNDLE_IDENTIFIER = "com.ambi-learnings.SmartLibraryTests";
				PRODUCT_NAME = "$(TARGET_NAME)";
				SWIFT_EMIT_LOC_STRINGS = NO;
				SWIFT_VERSION = 5.0;
				TARGETED_DEVICE_FAMILY = "1,2";
				TEST_HOST = "$(BUILT_PRODUCTS_DIR)/SmartLibrary.app/$(BUNDLE_EXECUTABLE_FOLDER_PATH)/SmartLibrary";
			};
			name = Release;
		};
		331107422E15000B000B757E /* Debug */ = {
			isa = XCBuildConfiguration;
			buildSettings = {
				CODE_SIGN_STYLE = Automatic;
				CURRENT_PROJECT_VERSION = 1;
				DEVELOPMENT_TEAM = XXX797FCW8;
				GENERATE_INFOPLIST_FILE = YES;
				MARKETING_VERSION = 1.0;
				PRODUCT_BUNDLE_IDENTIFIER = "com.ambi-learnings.SmartLibraryUITests";
				PRODUCT_NAME = "$(TARGET_NAME)";
				SWIFT_EMIT_LOC_STRINGS = NO;
				SWIFT_VERSION = 5.0;
				TARGETED_DEVICE_FAMILY = "1,2";
				TEST_TARGET_NAME = SmartLibrary;
			};
			name = Debug;
		};
		331107432E15000B000B757E /* Release */ = {
			isa = XCBuildConfiguration;
			buildSettings = {
				CODE_SIGN_STYLE = Automatic;
				CURRENT_PROJECT_VERSION = 1;
				DEVELOPMENT_TEAM = XXX797FCW8;
				GENERATE_INFOPLIST_FILE = YES;
				MARKETING_VERSION = 1.0;
				PRODUCT_BUNDLE_IDENTIFIER = "com.ambi-learnings.SmartLibraryUITests";
				PRODUCT_NAME = "$(TARGET_NAME)";
				SWIFT_EMIT_LOC_STRINGS = NO;
				SWIFT_VERSION = 5.0;
				TARGETED_DEVICE_FAMILY = "1,2";
				TEST_TARGET_NAME = SmartLibrary;
			};
			name = Release;
		};
/* End XCBuildConfiguration section */

/* Begin XCConfigurationList section */
		331107102E150009000B757E /* Build configuration list for PBXProject "SmartLibrary" */ = {
			isa = XCConfigurationList;
			buildConfigurations = (
				331107392E15000B000B757E /* Debug */,
				3311073A2E15000B000B757E /* Release */,
			);
			defaultConfigurationIsVisible = 0;
			defaultConfigurationName = Release;
		};
		3311073B2E15000B000B757E /* Build configuration list for PBXNativeTarget "SmartLibrary" */ = {
			isa = XCConfigurationList;
			buildConfigurations = (
				3311073C2E15000B000B757E /* Debug */,
				3311073D2E15000B000B757E /* Release */,
			);
			defaultConfigurationIsVisible = 0;
			defaultConfigurationName = Release;
		};
		3311073E2E15000B000B757E /* Build configuration list for PBXNativeTarget "SmartLibraryTests" */ = {
			isa = XCConfigurationList;
			buildConfigurations = (
				3311073F2E15000B000B757E /* Debug */,
				331107402E15000B000B757E /* Release */,
			);
			defaultConfigurationIsVisible = 0;
			defaultConfigurationName = Release;
		};
		331107412E15000B000B757E /* Build configuration list for PBXNativeTarget "SmartLibraryUITests" */ = {
			isa = XCConfigurationList;
			buildConfigurations = (
				331107422E15000B000B757E /* Debug */,
				331107432E15000B000B757E /* Release */,
			);
			defaultConfigurationIsVisible = 0;
			defaultConfigurationName = Release;
		};
/* End XCConfigurationList section */

/* Begin XCRemoteSwiftPackageReference section */
		337CCD682E1BA198002E6E8A /* XCRemoteSwiftPackageReference "SwiftSoup" */ = {
			isa = XCRemoteSwiftPackageReference;
			repositoryURL = "https://github.com/scinfu/SwiftSoup.git";
			requirement = {
				kind = upToNextMajorVersion;
				minimumVersion = 2.8.8;
			};
		};
/* End XCRemoteSwiftPackageReference section */

/* Begin XCSwiftPackageProductDependency section */
		337CCD692E1BA198002E6E8A /* SwiftSoup */ = {
			isa = XCSwiftPackageProductDependency;
			package = 337CCD682E1BA198002E6E8A /* XCRemoteSwiftPackageReference "SwiftSoup" */;
			productName = SwiftSoup;
		};
/* End XCSwiftPackageProductDependency section */
	};
	rootObject = 3311070D2E150009000B757E /* Project object */;
}
